PODS:
  - Flutter (1.0.0)
  - libresample_flutter (0.0.1):
    - Flutter
    - FlutterMacOS

DEPENDENCIES:
  - Flutter (from `Flutter`)
  - libresample_flutter (from `.symlinks/plugins/libresample_flutter/ios`)

EXTERNAL SOURCES:
  Flutter:
    :path: Flutter
  libresample_flutter:
    :path: ".symlinks/plugins/libresample_flutter/ios"

SPEC CHECKSUMS:
  Flutter: e0871f40cf51350855a761d2e70bf5af5b9b5de7
  libresample_flutter: 69711c6bbb88734c6a9ea5e37c8582cda3b7d011

PODFILE CHECKSUM: 075ddf6b19cdcced44581bd8fbdfb58404a78f8a

COCOAPODS: 1.15.2
