PODS:
  - Flutter (1.0.0)
  - libresample_flutter (0.0.1):
    - Flutter
    - FlutterMacOS

DEPENDENCIES:
  - Flutter (from `Flutter`)
  - libresample_flutter (from `.symlinks/plugins/libresample_flutter/ios`)

EXTERNAL SOURCES:
  Flutter:
    :path: Flutter
  libresample_flutter:
    :path: ".symlinks/plugins/libresample_flutter/ios"

SPEC CHECKSUMS:
  Flutter: e0871f40cf51350855a761d2e70bf5af5b9b5de7
  libresample_flutter: 0846b53803cc189444140915e2feaabb978b8c1d

PODFILE CHECKSUM: 075ddf6b19cdcced44581bd8fbdfb58404a78f8a

COCOAPODS: 1.15.2
