PODS:
  - FlutterMacOS (1.0.0)
  - libresample_flutter (0.0.1):
    - FlutterMacOS

DEPENDENCIES:
  - FlutterMacOS (from `Flutter/ephemeral`)
  - libresample_flutter (from `Flutter/ephemeral/.symlinks/plugins/libresample_flutter/macos`)

EXTERNAL SOURCES:
  FlutterMacOS:
    :path: Flutter/ephemeral
  libresample_flutter:
    :path: Flutter/ephemeral/.symlinks/plugins/libresample_flutter/macos

SPEC CHECKSUMS:
  FlutterMacOS: 8f6f14fa908a6fb3fba0cd85dbd81ec4b251fb24
  libresample_flutter: b27242500c7f967d20d2834dc8a6e231bb2f068a

PODFILE CHECKSUM: 236401fc2c932af29a9fcf0e97baeeb2d750d367

COCOAPODS: 1.15.2
